github.com/andrew-d/go-termutil v0.0.0-20150726205930-009166a695a2 h1:axBiC50cNZOs7ygH5BgQp4N+aYrZ2DNpWZ1KG3VOSOM=
github.com/andrew-d/go-termutil v0.0.0-20150726205930-009166a695a2/go.mod h1:jnzFpU88PccN/tPPhCpnNU8mZphvKxYM9lLNkd8e+os=
github.com/go-sql-driver/mysql v1.4.1 h1:g24URVg0OFbNUTx9qqY1IRZ9D9z3iPyi5zKhQZpNwpA=
github.com/go-sql-driver/mysql v1.4.1/go.mod h1:zAC/RDZ24gD3HViQzih4MyKcchzm+sOG5ZlKdlhCg5w=
github.com/jessevdk/go-flags v1.4.0 h1:4IU2WS7AumrZ/40jfhf4QVDMsQwqA7VEHozFRrGARJA=
github.com/jessevdk/go-flags v1.4.0/go.mod h1:4FA24M0QyGHXBuZZK/XkWh8h0e1EYbRYJSGM75WSRxI=
github.com/mattn/go-colorable v0.1.4 h1:snbPLB8fVfU9iwbbo30TPtbLRzwWu6aJS6Xh4eaaviA=
github.com/mattn/go-colorable v0.1.4/go.mod h1:U0ppj6V5qS13XJ6of8GYAs25YV2eR4EVcfRqFIhoBtE=
github.com/mattn/go-isatty v0.0.8 h1:HLtExJ+uU2HOZ+wI0Tt5DtUDrx8yhUqDcp7fYERX4CE=
github.com/mattn/go-isatty v0.0.8/go.mod h1:Iq45c/XA43vh69/j3iqttzPXn0bhXyGjM0Hdxcsrc5s=
github.com/mgutz/ansi v0.0.0-20170206155736-9520e82c474b h1:j7+1HpAFS1zy5+Q4qx1fWh90gTKwiN4QCGoY9TWyyO4=
github.com/mgutz/ansi v0.0.0-20170206155736-9520e82c474b/go.mod h1:01TrycV0kFyexm33Z7vhZRXopbI8J3TDReVlkTgMUxE=
github.com/percona/go-mysql v0.0.0-20190917053520-301a3504e2a9 h1:hC96geYXzgBLE4xAFwKfzvUUYTf0oduvvQ/A3XLsizw=
github.com/percona/go-mysql v0.0.0-20190917053520-301a3504e2a9/go.mod h1:/SGLf9OMxlnK6jq4mkFiImBcJXXk5jwD+lDrwDaGXcw=
github.com/pkg/errors v0.8.1 h1:iURUrRGxPUNPdy5/HRSm+Yj6okJ6UtLINN0Q9M4+h3I=
github.com/pkg/errors v0.8.1/go.mod h1:bwawxfHBFNV+L2hUp1rHADufV3IMtnDRdf1r5NINEl0=
github.com/shirou/gopsutil v2.19.11+incompatible h1:lJHR0foqAjI4exXqWsU3DbH7bX1xvdhGdnXTIARA9W4=
github.com/shirou/gopsutil v2.19.11+incompatible/go.mod h1:5b4v6he4MtMOwMlS0TUMTu2PcXUg8+E1lC7eC3UO/RA=
github.com/sjmudd/mysql_defaults_file v0.0.0-20151126105016-3818fd85a5a2 h1:LvrSlhNG3PUSeFfskfrcrZxsqu9gSz+BCbLbytTHVWI=
github.com/sjmudd/mysql_defaults_file v0.0.0-20151126105016-3818fd85a5a2/go.mod h1:JLHymnVY6rhs106DPCaafp72N+mxrZOG9gU5vRW7Uf0=
github.com/vaughan0/go-ini v0.0.0-20130923145212-a98ad7ee00ec h1:DGmKwyZwEB8dI7tbLt/I/gQuP559o/0FrAkHKlQM/Ks=
github.com/vaughan0/go-ini v0.0.0-20130923145212-a98ad7ee00ec/go.mod h1:owBmyHYMLkxyrugmfwE/DLJyW8Ro9mkphwuVErQ0iUw=
golang.org/x/sys v0.0.0-20190222072716-a9d3bda3a223 h1:DH4skfRX4EBpamg7iV4ZlCpblAHI6s6TDM39bFZumv8=
golang.org/x/sys v0.0.0-20190222072716-a9d3bda3a223/go.mod h1:STP8DvDyc/dI5b8T5hshtkjS+E42TnysNCUPdjciGhY=
